// !$*UTF8*$!
{
	archiveVersion = 1;
	classes = {
	};
	objectVersion = 48;
	objects = {

/* Begin PBXBuildFile section */
		5A2F9C08203809440086FE7C /* CreateEvent1ViewController.swift in Sources */ = {isa = PBXBuildFile; fileRef = 5A2F9C07203809440086FE7C /* CreateEvent1ViewController.swift */; };
		5A2F9C0A203810410086FE7C /* CreateEventPageViewController.swift in Sources */ = {isa = PBXBuildFile; fileRef = 5A2F9C09203810410086FE7C /* CreateEventPageViewController.swift */; };
		5A2F9C0E203812D10086FE7C /* ViewControllerExtension.swift in Sources */ = {isa = PBXBuildFile; fileRef = 5A2F9C0D203812D10086FE7C /* ViewControllerExtension.swift */; };
		5A2F9C13203828C30086FE7C /* BorderedView.swift in Sources */ = {isa = PBXBuildFile; fileRef = 5A2F9C12203828C30086FE7C /* BorderedView.swift */; };
		5A2F9C15203971ED0086FE7C /* CreateEventViewController.swift in Sources */ = {isa = PBXBuildFile; fileRef = 5A2F9C14203971ED0086FE7C /* CreateEventViewController.swift */; };
		5A539560200D272400B0719B /* ImageTextField.swift in Sources */ = {isa = PBXBuildFile; fileRef = 5A53955F200D272400B0719B /* ImageTextField.swift */; };
		5A5F79E4203A038100A4B002 /* CreateEvent2ViewController.swift in Sources */ = {isa = PBXBuildFile; fileRef = 5A5F79E3203A038100A4B002 /* CreateEvent2ViewController.swift */; };
		5AC209C1200A626700AF9133 /* AppDelegate.swift in Sources */ = {isa = PBXBuildFile; fileRef = 5AC209C0200A626700AF9133 /* AppDelegate.swift */; };
		5AC209C3200A626700AF9133 /* ViewController.swift in Sources */ = {isa = PBXBuildFile; fileRef = 5AC209C2200A626700AF9133 /* ViewController.swift */; };
		5AC209C6200A626700AF9133 /* Main.storyboard in Resources */ = {isa = PBXBuildFile; fileRef = 5AC209C4200A626700AF9133 /* Main.storyboard */; };
		5AC209C8200A626700AF9133 /* Assets.xcassets in Resources */ = {isa = PBXBuildFile; fileRef = 5AC209C7200A626700AF9133 /* Assets.xcassets */; };
		5AC209CB200A626700AF9133 /* LaunchScreen.storyboard in Resources */ = {isa = PBXBuildFile; fileRef = 5AC209C9200A626700AF9133 /* LaunchScreen.storyboard */; };
		5AC209D3200A8B6F00AF9133 /* ShadowButton.swift in Sources */ = {isa = PBXBuildFile; fileRef = 5AC209D2200A8B6F00AF9133 /* ShadowButton.swift */; };
		5AF3C3C4200E4316004E8917 /* ImportTemplatesViewController.swift in Sources */ = {isa = PBXBuildFile; fileRef = 5AF3C3C3200E4316004E8917 /* ImportTemplatesViewController.swift */; };
		5AF3C3C7200E45A6004E8917 /* TemplateCell.swift in Sources */ = {isa = PBXBuildFile; fileRef = 5AF3C3C5200E45A6004E8917 /* TemplateCell.swift */; };
		5AF3C3CA200E4C19004E8917 /* FoodViewController.swift in Sources */ = {isa = PBXBuildFile; fileRef = 5AF3C3C9200E4C19004E8917 /* FoodViewController.swift */; };
		B6D9A48AD7FCA5295626C01F /* Pods_T_Event_Management.framework in Frameworks */ = {isa = PBXBuildFile; fileRef = C89B3EDCA70166FB0C3D231E /* Pods_T_Event_Management.framework */; };
/* End PBXBuildFile section */

/* Begin PBXFileReference section */
		395A714EA004FB82E2C87E37 /* Pods-T Event Management.debug.xcconfig */ = {isa = PBXFileReference; includeInIndex = 1; lastKnownFileType = text.xcconfig; name = "Pods-T Event Management.debug.xcconfig"; path = "Pods/Target Support Files/Pods-T Event Management/Pods-T Event Management.debug.xcconfig"; sourceTree = "<group>"; };
		5A2F9C07203809440086FE7C /* CreateEvent1ViewController.swift */ = {isa = PBXFileReference; lastKnownFileType = sourcecode.swift; path = CreateEvent1ViewController.swift; sourceTree = "<group>"; };
		5A2F9C09203810410086FE7C /* CreateEventPageViewController.swift */ = {isa = PBXFileReference; lastKnownFileType = sourcecode.swift; path = CreateEventPageViewController.swift; sourceTree = "<group>"; };
		5A2F9C0D203812D10086FE7C /* ViewControllerExtension.swift */ = {isa = PBXFileReference; lastKnownFileType = sourcecode.swift; path = ViewControllerExtension.swift; sourceTree = "<group>"; };
		5A2F9C12203828C30086FE7C /* BorderedView.swift */ = {isa = PBXFileReference; lastKnownFileType = sourcecode.swift; path = BorderedView.swift; sourceTree = "<group>"; };
		5A2F9C14203971ED0086FE7C /* CreateEventViewController.swift */ = {isa = PBXFileReference; lastKnownFileType = sourcecode.swift; path = CreateEventViewController.swift; sourceTree = "<group>"; };
		5A53955F200D272400B0719B /* ImageTextField.swift */ = {isa = PBXFileReference; lastKnownFileType = sourcecode.swift; path = ImageTextField.swift; sourceTree = "<group>"; };
		5A5F79E3203A038100A4B002 /* CreateEvent2ViewController.swift */ = {isa = PBXFileReference; lastKnownFileType = sourcecode.swift; path = CreateEvent2ViewController.swift; sourceTree = "<group>"; };
		5AC209BD200A626700AF9133 /* T Event Management.app */ = {isa = PBXFileReference; explicitFileType = wrapper.application; includeInIndex = 0; path = "T Event Management.app"; sourceTree = BUILT_PRODUCTS_DIR; };
		5AC209C0200A626700AF9133 /* AppDelegate.swift */ = {isa = PBXFileReference; lastKnownFileType = sourcecode.swift; path = AppDelegate.swift; sourceTree = "<group>"; };
		5AC209C2200A626700AF9133 /* ViewController.swift */ = {isa = PBXFileReference; lastKnownFileType = sourcecode.swift; path = ViewController.swift; sourceTree = "<group>"; };
		5AC209C5200A626700AF9133 /* Base */ = {isa = PBXFileReference; lastKnownFileType = file.storyboard; name = Base; path = Base.lproj/Main.storyboard; sourceTree = "<group>"; };
		5AC209C7200A626700AF9133 /* Assets.xcassets */ = {isa = PBXFileReference; lastKnownFileType = folder.assetcatalog; path = Assets.xcassets; sourceTree = "<group>"; };
		5AC209CA200A626700AF9133 /* Base */ = {isa = PBXFileReference; lastKnownFileType = file.storyboard; name = Base; path = Base.lproj/LaunchScreen.storyboard; sourceTree = "<group>"; };
		5AC209CC200A626700AF9133 /* Info.plist */ = {isa = PBXFileReference; lastKnownFileType = text.plist.xml; path = Info.plist; sourceTree = "<group>"; };
		5AC209D2200A8B6F00AF9133 /* ShadowButton.swift */ = {isa = PBXFileReference; lastKnownFileType = sourcecode.swift; path = ShadowButton.swift; sourceTree = "<group>"; };
		5AF3C3C3200E4316004E8917 /* ImportTemplatesViewController.swift */ = {isa = PBXFileReference; lastKnownFileType = sourcecode.swift; path = ImportTemplatesViewController.swift; sourceTree = "<group>"; };
		5AF3C3C5200E45A6004E8917 /* TemplateCell.swift */ = {isa = PBXFileReference; lastKnownFileType = sourcecode.swift; path = TemplateCell.swift; sourceTree = "<group>"; };
		5AF3C3C9200E4C19004E8917 /* FoodViewController.swift */ = {isa = PBXFileReference; lastKnownFileType = sourcecode.swift; path = FoodViewController.swift; sourceTree = "<group>"; };
		78CA882C7D899EDDF1D14AFC /* Pods-T Event Management.release.xcconfig */ = {isa = PBXFileReference; includeInIndex = 1; lastKnownFileType = text.xcconfig; name = "Pods-T Event Management.release.xcconfig"; path = "Pods/Target Support Files/Pods-T Event Management/Pods-T Event Management.release.xcconfig"; sourceTree = "<group>"; };
		C89B3EDCA70166FB0C3D231E /* Pods_T_Event_Management.framework */ = {isa = PBXFileReference; explicitFileType = wrapper.framework; includeInIndex = 0; path = Pods_T_Event_Management.framework; sourceTree = BUILT_PRODUCTS_DIR; };
/* End PBXFileReference section */

/* Begin PBXFrameworksBuildPhase section */
		5AC209BA200A626700AF9133 /* Frameworks */ = {
			isa = PBXFrameworksBuildPhase;
			buildActionMask = 2147483647;
			files = (
				B6D9A48AD7FCA5295626C01F /* Pods_T_Event_Management.framework in Frameworks */,
			);
			runOnlyForDeploymentPostprocessing = 0;
		};
/* End PBXFrameworksBuildPhase section */

/* Begin PBXGroup section */
		5A2F9C0B203811E10086FE7C /* Create Event */ = {
			isa = PBXGroup;
			children = (
				5A2F9C07203809440086FE7C /* CreateEvent1ViewController.swift */,
				5A2F9C09203810410086FE7C /* CreateEventPageViewController.swift */,
				5A2F9C14203971ED0086FE7C /* CreateEventViewController.swift */,
				5A5F79E3203A038100A4B002 /* CreateEvent2ViewController.swift */,
			);
			path = "Create Event";
			sourceTree = "<group>";
		};
		5A2F9C0C2038128E0086FE7C /* Extensions */ = {
			isa = PBXGroup;
			children = (
				5A2F9C0D203812D10086FE7C /* ViewControllerExtension.swift */,
			);
			path = Extensions;
			sourceTree = "<group>";
		};
		5A2F9C1120381A390086FE7C /* View */ = {
			isa = PBXGroup;
			children = (
				5A53955F200D272400B0719B /* ImageTextField.swift */,
				5A2F9C12203828C30086FE7C /* BorderedView.swift */,
			);
			path = View;
			sourceTree = "<group>";
		};
		5A6CE0788CD8E7DAFC76AC22 /* Frameworks */ = {
			isa = PBXGroup;
			children = (
				C89B3EDCA70166FB0C3D231E /* Pods_T_Event_Management.framework */,
			);
			name = Frameworks;
			sourceTree = "<group>";
		};
		5AC209B4200A626600AF9133 = {
			isa = PBXGroup;
			children = (
				5AC209BF200A626700AF9133 /* T Event Management */,
				5AC209BE200A626700AF9133 /* Products */,
				A32D1A2D1FA31E91B01F48E5 /* Pods */,
				5A6CE0788CD8E7DAFC76AC22 /* Frameworks */,
			);
			sourceTree = "<group>";
		};
		5AC209BE200A626700AF9133 /* Products */ = {
			isa = PBXGroup;
			children = (
				5AC209BD200A626700AF9133 /* T Event Management.app */,
			);
			name = Products;
			sourceTree = "<group>";
		};
		5AC209BF200A626700AF9133 /* T Event Management */ = {
			isa = PBXGroup;
			children = (
				5A2F9C0C2038128E0086FE7C /* Extensions */,
				5AC209C0200A626700AF9133 /* AppDelegate.swift */,
				5AC209C2200A626700AF9133 /* ViewController.swift */,
				5AC209C4200A626700AF9133 /* Main.storyboard */,
				5AC209C7200A626700AF9133 /* Assets.xcassets */,
				5AC209C9200A626700AF9133 /* LaunchScreen.storyboard */,
				5AC209CC200A626700AF9133 /* Info.plist */,
				5AC209D2200A8B6F00AF9133 /* ShadowButton.swift */,
				5A2F9C1120381A390086FE7C /* View */,
				5AF3C3C3200E4316004E8917 /* ImportTemplatesViewController.swift */,
				5AF3C3C5200E45A6004E8917 /* TemplateCell.swift */,
				5AF3C3C9200E4C19004E8917 /* FoodViewController.swift */,
				5A2F9C0B203811E10086FE7C /* Create Event */,
			);
			path = "T Event Management";
			sourceTree = "<group>";
		};
		A32D1A2D1FA31E91B01F48E5 /* Pods */ = {
			isa = PBXGroup;
			children = (
				395A714EA004FB82E2C87E37 /* Pods-T Event Management.debug.xcconfig */,
				78CA882C7D899EDDF1D14AFC /* Pods-T Event Management.release.xcconfig */,
			);
			name = Pods;
			sourceTree = "<group>";
		};
/* End PBXGroup section */

/* Begin PBXNativeTarget section */
		5AC209BC200A626700AF9133 /* T Event Management */ = {
			isa = PBXNativeTarget;
			buildConfigurationList = 5AC209CF200A626700AF9133 /* Build configuration list for PBXNativeTarget "T Event Management" */;
			buildPhases = (
				D2767C71D745E52011C36E6F /* [CP] Check Pods Manifest.lock */,
				5AC209B9200A626700AF9133 /* Sources */,
				5AC209BA200A626700AF9133 /* Frameworks */,
				5AC209BB200A626700AF9133 /* Resources */,
				6C45A485E0E84DD6E7E35D6B /* [CP] Embed Pods Frameworks */,
				5B69F1B03098DB202E5B126F /* [CP] Copy Pods Resources */,
			);
			buildRules = (
			);
			dependencies = (
			);
			name = "T Event Management";
			productName = "T Event Management";
			productReference = 5AC209BD200A626700AF9133 /* T Event Management.app */;
			productType = "com.apple.product-type.application";
		};
/* End PBXNativeTarget section */

/* Begin PBXProject section */
		5AC209B5200A626600AF9133 /* Project object */ = {
			isa = PBXProject;
			attributes = {
				LastSwiftUpdateCheck = 0920;
				LastUpgradeCheck = 0920;
				ORGANIZATIONNAME = "Zahidur Rahman Faisal";
				TargetAttributes = {
					5AC209BC200A626700AF9133 = {
						CreatedOnToolsVersion = 9.2;
						ProvisioningStyle = Automatic;
					};
				};
			};
			buildConfigurationList = 5AC209B8200A626600AF9133 /* Build configuration list for PBXProject "T Event Management" */;
			compatibilityVersion = "Xcode 8.0";
			developmentRegion = en;
			hasScannedForEncodings = 0;
			knownRegions = (
				en,
				Base,
			);
			mainGroup = 5AC209B4200A626600AF9133;
			productRefGroup = 5AC209BE200A626700AF9133 /* Products */;
			projectDirPath = "";
			projectRoot = "";
			targets = (
				5AC209BC200A626700AF9133 /* T Event Management */,
			);
		};
/* End PBXProject section */

/* Begin PBXResourcesBuildPhase section */
		5AC209BB200A626700AF9133 /* Resources */ = {
			isa = PBXResourcesBuildPhase;
			buildActionMask = 2147483647;
			files = (
				5AC209CB200A626700AF9133 /* LaunchScreen.storyboard in Resources */,
				5AC209C8200A626700AF9133 /* Assets.xcassets in Resources */,
				5AC209C6200A626700AF9133 /* Main.storyboard in Resources */,
			);
			runOnlyForDeploymentPostprocessing = 0;
		};
/* End PBXResourcesBuildPhase section */

/* Begin PBXShellScriptBuildPhase section */
		5B69F1B03098DB202E5B126F /* [CP] Copy Pods Resources */ = {
			isa = PBXShellScriptBuildPhase;
			buildActionMask = 2147483647;
			files = (
			);
			inputPaths = (
			);
			name = "[CP] Copy Pods Resources";
			outputPaths = (
			);
			runOnlyForDeploymentPostprocessing = 0;
			shellPath = /bin/sh;
			shellScript = "\"${SRCROOT}/Pods/Target Support Files/Pods-T Event Management/Pods-T Event Management-resources.sh\"\n";
			showEnvVarsInLog = 0;
		};
		6C45A485E0E84DD6E7E35D6B /* [CP] Embed Pods Frameworks */ = {
			isa = PBXShellScriptBuildPhase;
			buildActionMask = 2147483647;
			files = (
			);
			inputPaths = (
				"${SRCROOT}/Pods/Target Support Files/Pods-T Event Management/Pods-T Event Management-frameworks.sh",
				"${BUILT_PRODUCTS_DIR}/MDFInternationalization/MDFInternationalization.framework",
				"${BUILT_PRODUCTS_DIR}/MDFTextAccessibility/MDFTextAccessibility.framework",
				"${BUILT_PRODUCTS_DIR}/MaterialComponents/MaterialComponents.framework",
				"${BUILT_PRODUCTS_DIR}/MotionAnimator/MotionAnimator.framework",
				"${BUILT_PRODUCTS_DIR}/MotionInterchange/MotionInterchange.framework",
				"${BUILT_PRODUCTS_DIR}/MotionTransitioning/MotionTransitioning.framework",
				"${BUILT_PRODUCTS_DIR}/Onboard/Onboard.framework",
			);
			name = "[CP] Embed Pods Frameworks";
			outputPaths = (
				"${TARGET_BUILD_DIR}/${FRAMEWORKS_FOLDER_PATH}/MDFInternationalization.framework",
				"${TARGET_BUILD_DIR}/${FRAMEWORKS_FOLDER_PATH}/MDFTextAccessibility.framework",
				"${TARGET_BUILD_DIR}/${FRAMEWORKS_FOLDER_PATH}/MaterialComponents.framework",
				"${TARGET_BUILD_DIR}/${FRAMEWORKS_FOLDER_PATH}/MotionAnimator.framework",
				"${TARGET_BUILD_DIR}/${FRAMEWORKS_FOLDER_PATH}/MotionInterchange.framework",
				"${TARGET_BUILD_DIR}/${FRAMEWORKS_FOLDER_PATH}/MotionTransitioning.framework",
				"${TARGET_BUILD_DIR}/${FRAMEWORKS_FOLDER_PATH}/Onboard.framework",
			);
			runOnlyForDeploymentPostprocessing = 0;
			shellPath = /bin/sh;
			shellScript = "\"${SRCROOT}/Pods/Target Support Files/Pods-T Event Management/Pods-T Event Management-frameworks.sh\"\n";
			showEnvVarsInLog = 0;
		};
		D2767C71D745E52011C36E6F /* [CP] Check Pods Manifest.lock */ = {
			isa = PBXShellScriptBuildPhase;
			buildActionMask = 2147483647;
			files = (
			);
			inputPaths = (
				"${PODS_PODFILE_DIR_PATH}/Podfile.lock",
				"${PODS_ROOT}/Manifest.lock",
			);
			name = "[CP] Check Pods Manifest.lock";
			outputPaths = (
				"$(DERIVED_FILE_DIR)/Pods-T Event Management-checkManifestLockResult.txt",
			);
			runOnlyForDeploymentPostprocessing = 0;
			shellPath = /bin/sh;
			shellScript = "diff \"${PODS_PODFILE_DIR_PATH}/Podfile.lock\" \"${PODS_ROOT}/Manifest.lock\" > /dev/null\nif [ $? != 0 ] ; then\n    # print error to STDERR\n    echo \"error: The sandbox is not in sync with the Podfile.lock. Run 'pod install' or update your CocoaPods installation.\" >&2\n    exit 1\nfi\n# This output is used by Xcode 'outputs' to avoid re-running this script phase.\necho \"SUCCESS\" > \"${SCRIPT_OUTPUT_FILE_0}\"\n";
			showEnvVarsInLog = 0;
		};
/* End PBXShellScriptBuildPhase section */

/* Begin PBXSourcesBuildPhase section */
		5AC209B9200A626700AF9133 /* Sources */ = {
			isa = PBXSourcesBuildPhase;
			buildActionMask = 2147483647;
			files = (
				5AC209C3200A626700AF9133 /* ViewController.swift in Sources */,
				5A2F9C13203828C30086FE7C /* BorderedView.swift in Sources */,
				5AF3C3CA200E4C19004E8917 /* FoodViewController.swift in Sources */,
				5A2F9C08203809440086FE7C /* CreateEvent1ViewController.swift in Sources */,
				5AF3C3C7200E45A6004E8917 /* TemplateCell.swift in Sources */,
				5A2F9C0A203810410086FE7C /* CreateEventPageViewController.swift in Sources */,
				5AC209D3200A8B6F00AF9133 /* ShadowButton.swift in Sources */,
				5AC209C1200A626700AF9133 /* AppDelegate.swift in Sources */,
				5A5F79E4203A038100A4B002 /* CreateEvent2ViewController.swift in Sources */,
				5A2F9C0E203812D10086FE7C /* ViewControllerExtension.swift in Sources */,
				5A539560200D272400B0719B /* ImageTextField.swift in Sources */,
				5AF3C3C4200E4316004E8917 /* ImportTemplatesViewController.swift in Sources */,
				5A2F9C15203971ED0086FE7C /* CreateEventViewController.swift in Sources */,
			);
			runOnlyForDeploymentPostprocessing = 0;
		};
/* End PBXSourcesBuildPhase section */

/* Begin PBXVariantGroup section */
		5AC209C4200A626700AF9133 /* Main.storyboard */ = {
			isa = PBXVariantGroup;
			children = (
				5AC209C5200A626700AF9133 /* Base */,
			);
			name = Main.storyboard;
			sourceTree = "<group>";
		};
		5AC209C9200A626700AF9133 /* LaunchScreen.storyboard */ = {
			isa = PBXVariantGroup;
			children = (
				5AC209CA200A626700AF9133 /* Base */,
			);
			name = LaunchScreen.storyboard;
			sourceTree = "<group>";
		};
/* End PBXVariantGroup section */

/* Begin XCBuildConfiguration section */
		5AC209CD200A626700AF9133 /* Debug */ = {
			isa = XCBuildConfiguration;
			buildSettings = {
				ALWAYS_SEARCH_USER_PATHS = NO;
				CLANG_ANALYZER_NONNULL = YES;
				CLANG_ANALYZER_NUMBER_OBJECT_CONVERSION = YES_AGGRESSIVE;
				CLANG_CXX_LANGUAGE_STANDARD = "gnu++14";
				CLANG_CXX_LIBRARY = "libc++";
				CLANG_ENABLE_MODULES = YES;
				CLANG_ENABLE_OBJC_ARC = YES;
				CLANG_WARN_BLOCK_CAPTURE_AUTORELEASING = YES;
				CLANG_WARN_BOOL_CONVERSION = YES;
				CLANG_WARN_COMMA = YES;
				CLANG_WARN_CONSTANT_CONVERSION = YES;
				CLANG_WARN_DIRECT_OBJC_ISA_USAGE = YES_ERROR;
				CLANG_WARN_DOCUMENTATION_COMMENTS = YES;
				CLANG_WARN_EMPTY_BODY = YES;
				CLANG_WARN_ENUM_CONVERSION = YES;
				CLANG_WARN_INFINITE_RECURSION = YES;
				CLANG_WARN_INT_CONVERSION = YES;
				CLANG_WARN_NON_LITERAL_NULL_CONVERSION = YES;
				CLANG_WARN_OBJC_LITERAL_CONVERSION = YES;
				CLANG_WARN_OBJC_ROOT_CLASS = YES_ERROR;
				CLANG_WARN_RANGE_LOOP_ANALYSIS = YES;
				CLANG_WARN_STRICT_PROTOTYPES = YES;
				CLANG_WARN_SUSPICIOUS_MOVE = YES;
				CLANG_WARN_UNGUARDED_AVAILABILITY = YES_AGGRESSIVE;
				CLANG_WARN_UNREACHABLE_CODE = YES;
				CLANG_WARN__DUPLICATE_METHOD_MATCH = YES;
				CODE_SIGN_IDENTITY = "iPhone Developer";
				COPY_PHASE_STRIP = NO;
				DEBUG_INFORMATION_FORMAT = dwarf;
				ENABLE_STRICT_OBJC_MSGSEND = YES;
				ENABLE_TESTABILITY = YES;
				GCC_C_LANGUAGE_STANDARD = gnu11;
				GCC_DYNAMIC_NO_PIC = NO;
				GCC_NO_COMMON_BLOCKS = YES;
				GCC_OPTIMIZATION_LEVEL = 0;
				GCC_PREPROCESSOR_DEFINITIONS = (
					"DEBUG=1",
					"$(inherited)",
				);
				GCC_WARN_64_TO_32_BIT_CONVERSION = YES;
				GCC_WARN_ABOUT_RETURN_TYPE = YES_ERROR;
				GCC_WARN_UNDECLARED_SELECTOR = YES;
				GCC_WARN_UNINITIALIZED_AUTOS = YES_AGGRESSIVE;
				GCC_WARN_UNUSED_FUNCTION = YES;
				GCC_WARN_UNUSED_VARIABLE = YES;
				IPHONEOS_DEPLOYMENT_TARGET = 11.2;
				MTL_ENABLE_DEBUG_INFO = YES;
				ONLY_ACTIVE_ARCH = YES;
				SDKROOT = iphoneos;
				SWIFT_ACTIVE_COMPILATION_CONDITIONS = DEBUG;
				SWIFT_OPTIMIZATION_LEVEL = "-Onone";
			};
			name = Debug;
		};
		5AC209CE200A626700AF9133 /* Release */ = {
			isa = XCBuildConfiguration;
			buildSettings = {
				ALWAYS_SEARCH_USER_PATHS = NO;
				CLANG_ANALYZER_NONNULL = YES;
				CLANG_ANALYZER_NUMBER_OBJECT_CONVERSION = YES_AGGRESSIVE;
				CLANG_CXX_LANGUAGE_STANDARD = "gnu++14";
				CLANG_CXX_LIBRARY = "libc++";
				CLANG_ENABLE_MODULES = YES;
				CLANG_ENABLE_OBJC_ARC = YES;
				CLANG_WARN_BLOCK_CAPTURE_AUTORELEASING = YES;
				CLANG_WARN_BOOL_CONVERSION = YES;
				CLANG_WARN_COMMA = YES;
				CLANG_WARN_CONSTANT_CONVERSION = YES;
				CLANG_WARN_DIRECT_OBJC_ISA_USAGE = YES_ERROR;
				CLANG_WARN_DOCUMENTATION_COMMENTS = YES;
				CLANG_WARN_EMPTY_BODY = YES;
				CLANG_WARN_ENUM_CONVERSION = YES;
				CLANG_WARN_INFINITE_RECURSION = YES;
				CLANG_WARN_INT_CONVERSION = YES;
				CLANG_WARN_NON_LITERAL_NULL_CONVERSION = YES;
				CLANG_WARN_OBJC_LITERAL_CONVERSION = YES;
				CLANG_WARN_OBJC_ROOT_CLASS = YES_ERROR;
				CLANG_WARN_RANGE_LOOP_ANALYSIS = YES;
				CLANG_WARN_STRICT_PROTOTYPES = YES;
				CLANG_WARN_SUSPICIOUS_MOVE = YES;
				CLANG_WARN_UNGUARDED_AVAILABILITY = YES_AGGRESSIVE;
				CLANG_WARN_UNREACHABLE_CODE = YES;
				CLANG_WARN__DUPLICATE_METHOD_MATCH = YES;
				CODE_SIGN_IDENTITY = "iPhone Developer";
				COPY_PHASE_STRIP = NO;
				DEBUG_INFORMATION_FORMAT = "dwarf-with-dsym";
				ENABLE_NS_ASSERTIONS = NO;
				ENABLE_STRICT_OBJC_MSGSEND = YES;
				GCC_C_LANGUAGE_STANDARD = gnu11;
				GCC_NO_COMMON_BLOCKS = YES;
				GCC_WARN_64_TO_32_BIT_CONVERSION = YES;
				GCC_WARN_ABOUT_RETURN_TYPE = YES_ERROR;
				GCC_WARN_UNDECLARED_SELECTOR = YES;
				GCC_WARN_UNINITIALIZED_AUTOS = YES_AGGRESSIVE;
				GCC_WARN_UNUSED_FUNCTION = YES;
				GCC_WARN_UNUSED_VARIABLE = YES;
				IPHONEOS_DEPLOYMENT_TARGET = 11.2;
				MTL_ENABLE_DEBUG_INFO = NO;
				SDKROOT = iphoneos;
				SWIFT_OPTIMIZATION_LEVEL = "-Owholemodule";
				VALIDATE_PRODUCT = YES;
			};
			name = Release;
		};
		5AC209D0200A626700AF9133 /* Debug */ = {
			isa = XCBuildConfiguration;
			baseConfigurationReference = 395A714EA004FB82E2C87E37 /* Pods-T Event Management.debug.xcconfig */;
			buildSettings = {
				ASSETCATALOG_COMPILER_APPICON_NAME = AppIcon;
				CODE_SIGN_STYLE = Automatic;
				DEVELOPMENT_TEAM = W4567G7883;
				INFOPLIST_FILE = "T Event Management/Info.plist";
				LD_RUNPATH_SEARCH_PATHS = "$(inherited) @executable_path/Frameworks";
				PRODUCT_BUNDLE_IDENTIFIER = "tech.zeroapps.T-Event-Management";
				PRODUCT_NAME = "$(TARGET_NAME)";
				SWIFT_VERSION = 4.0;
				TARGETED_DEVICE_FAMILY = "1,2";
			};
			name = Debug;
		};
		5AC209D1200A626700AF9133 /* Release */ = {
			isa = XCBuildConfiguration;
			baseConfigurationReference = 78CA882C7D899EDDF1D14AFC /* Pods-T Event Management.release.xcconfig */;
			buildSettings = {
				ASSETCATALOG_COMPILER_APPICON_NAME = AppIcon;
				CODE_SIGN_STYLE = Automatic;
				DEVELOPMENT_TEAM = W4567G7883;
				INFOPLIST_FILE = "T Event Management/Info.plist";
				LD_RUNPATH_SEARCH_PATHS = "$(inherited) @executable_path/Frameworks";
				PRODUCT_BUNDLE_IDENTIFIER = "tech.zeroapps.T-Event-Management";
				PRODUCT_NAME = "$(TARGET_NAME)";
				SWIFT_VERSION = 4.0;
				TARGETED_DEVICE_FAMILY = "1,2";
			};
			name = Release;
		};
/* End XCBuildConfiguration section */

/* Begin XCConfigurationList section */
		5AC209B8200A626600AF9133 /* Build configuration list for PBXProject "T Event Management" */ = {
			isa = XCConfigurationList;
			buildConfigurations = (
				5AC209CD200A626700AF9133 /* Debug */,
				5AC209CE200A626700AF9133 /* Release */,
			);
			defaultConfigurationIsVisible = 0;
			defaultConfigurationName = Release;
		};
		5AC209CF200A626700AF9133 /* Build configuration list for PBXNativeTarget "T Event Management" */ = {
			isa = XCConfigurationList;
			buildConfigurations = (
				5AC209D0200A626700AF9133 /* Debug */,
				5AC209D1200A626700AF9133 /* Release */,
			);
			defaultConfigurationIsVisible = 0;
			defaultConfigurationName = Release;
		};
/* End XCConfigurationList section */
	};
	rootObject = 5AC209B5200A626600AF9133 /* Project object */;
}
